// !$*UTF8*$!
{
	archiveVersion = 1;
	classes = {
	};
	objectVersion = 55;
	objects = {

/* Begin PBXBuildFile section */
		184CF0F827FF58AB006045ED /* AppDelegate.swift in Sources */ = {isa = PBXBuildFile; fileRef = 184CF0F727FF58AB006045ED /* AppDelegate.swift */; };
		184CF0FA27FF58AB006045ED /* SceneDelegate.swift in Sources */ = {isa = PBXBuildFile; fileRef = 184CF0F927FF58AB006045ED /* SceneDelegate.swift */; };
		184CF0FC27FF58AB006045ED /* ViewController.swift in Sources */ = {isa = PBXBuildFile; fileRef = 184CF0FB27FF58AB006045ED /* ViewController.swift */; };
		184CF0FF27FF58AB006045ED /* Main.storyboard in Resources */ = {isa = PBXBuildFile; fileRef = 184CF0FD27FF58AB006045ED /* Main.storyboard */; };
		184CF10227FF58AB006045ED /* git.xcdatamodeld in Sources */ = {isa = PBXBuildFile; fileRef = 184CF10027FF58AB006045ED /* git.xcdatamodeld */; };
		184CF10427FF58AE006045ED /* Assets.xcassets in Resources */ = {isa = PBXBuildFile; fileRef = 184CF10327FF58AE006045ED /* Assets.xcassets */; };
		184CF10727FF58AE006045ED /* LaunchScreen.storyboard in Resources */ = {isa = PBXBuildFile; fileRef = 184CF10527FF58AE006045ED /* LaunchScreen.storyboard */; };
		184CF11227FF58AE006045ED /* gitTests.swift in Sources */ = {isa = PBXBuildFile; fileRef = 184CF11127FF58AE006045ED /* gitTests.swift */; };
		184CF11C27FF58AE006045ED /* gitUITests.swift in Sources */ = {isa = PBXBuildFile; fileRef = 184CF11B27FF58AE006045ED /* gitUITests.swift */; };
		184CF11E27FF58AE006045ED /* gitUITestsLaunchTests.swift in Sources */ = {isa = PBXBuildFile; fileRef = 184CF11D27FF58AE006045ED /* gitUITestsLaunchTests.swift */; };
/* End PBXBuildFile section */

/* Begin PBXContainerItemProxy section */
		184CF10E27FF58AE006045ED /* PBXContainerItemProxy */ = {
			isa = PBXContainerItemProxy;
			containerPortal = 184CF0EC27FF58AA006045ED /* Project object */;
			proxyType = 1;
			remoteGlobalIDString = 184CF0F327FF58AB006045ED;
			remoteInfo = git;
		};
		184CF11827FF58AE006045ED /* PBXContainerItemProxy */ = {
			isa = PBXContainerItemProxy;
			containerPortal = 184CF0EC27FF58AA006045ED /* Project object */;
			proxyType = 1;
			remoteGlobalIDString = 184CF0F327FF58AB006045ED;
			remoteInfo = git;
		};
/* End PBXContainerItemProxy section */

/* Begin PBXFileReference section */
		184CF0F427FF58AB006045ED /* git.app */ = {isa = PBXFileReference; explicitFileType = wrapper.application; includeInIndex = 0; path = git.app; sourceTree = BUILT_PRODUCTS_DIR; };
		184CF0F727FF58AB006045ED /* AppDelegate.swift */ = {isa = PBXFileReference; lastKnownFileType = sourcecode.swift; path = AppDelegate.swift; sourceTree = "<group>"; };
		184CF0F927FF58AB006045ED /* SceneDelegate.swift */ = {isa = PBXFileReference; lastKnownFileType = sourcecode.swift; path = SceneDelegate.swift; sourceTree = "<group>"; };
		184CF0FB27FF58AB006045ED /* ViewController.swift */ = {isa = PBXFileReference; lastKnownFileType = sourcecode.swift; path = ViewController.swift; sourceTree = "<group>"; };
		184CF0FE27FF58AB006045ED /* Base */ = {isa = PBXFileReference; lastKnownFileType = file.storyboard; name = Base; path = Base.lproj/Main.storyboard; sourceTree = "<group>"; };
		184CF10127FF58AB006045ED /* git.xcdatamodel */ = {isa = PBXFileReference; lastKnownFileType = wrapper.xcdatamodel; path = git.xcdatamodel; sourceTree = "<group>"; };
		184CF10327FF58AE006045ED /* Assets.xcassets */ = {isa = PBXFileReference; lastKnownFileType = folder.assetcatalog; path = Assets.xcassets; sourceTree = "<group>"; };
		184CF10627FF58AE006045ED /* Base */ = {isa = PBXFileReference; lastKnownFileType = file.storyboard; name = Base; path = Base.lproj/LaunchScreen.storyboard; sourceTree = "<group>"; };
		184CF10827FF58AE006045ED /* Info.plist */ = {isa = PBXFileReference; lastKnownFileType = text.plist.xml; path = Info.plist; sourceTree = "<group>"; };
		184CF10D27FF58AE006045ED /* gitTests.xctest */ = {isa = PBXFileReference; explicitFileType = wrapper.cfbundle; includeInIndex = 0; path = gitTests.xctest; sourceTree = BUILT_PRODUCTS_DIR; };
		184CF11127FF58AE006045ED /* gitTests.swift */ = {isa = PBXFileReference; lastKnownFileType = sourcecode.swift; path = gitTests.swift; sourceTree = "<group>"; };
		184CF11727FF58AE006045ED /* gitUITests.xctest */ = {isa = PBXFileReference; explicitFileType = wrapper.cfbundle; includeInIndex = 0; path = gitUITests.xctest; sourceTree = BUILT_PRODUCTS_DIR; };
		184CF11B27FF58AE006045ED /* gitUITests.swift */ = {isa = PBXFileReference; lastKnownFileType = sourcecode.swift; path = gitUITests.swift; sourceTree = "<group>"; };
		184CF11D27FF58AE006045ED /* gitUITestsLaunchTests.swift */ = {isa = PBXFileReference; lastKnownFileType = sourcecode.swift; path = gitUITestsLaunchTests.swift; sourceTree = "<group>"; };
/* End PBXFileReference section */

/* Begin PBXFrameworksBuildPhase section */
		184CF0F127FF58AB006045ED /* Frameworks */ = {
			isa = PBXFrameworksBuildPhase;
			buildActionMask = 2147483647;
			files = (
			);
			runOnlyForDeploymentPostprocessing = 0;
		};
		184CF10A27FF58AE006045ED /* Frameworks */ = {
			isa = PBXFrameworksBuildPhase;
			buildActionMask = 2147483647;
			files = (
			);
			runOnlyForDeploymentPostprocessing = 0;
		};
		184CF11427FF58AE006045ED /* Frameworks */ = {
			isa = PBXFrameworksBuildPhase;
			buildActionMask = 2147483647;
			files = (
			);
			runOnlyForDeploymentPostprocessing = 0;
		};
/* End PBXFrameworksBuildPhase section */

/* Begin PBXGroup section */
		184CF0EB27FF58AA006045ED = {
			isa = PBXGroup;
			children = (
				184CF0F627FF58AB006045ED /* git */,
				184CF11027FF58AE006045ED /* gitTests */,
				184CF11A27FF58AE006045ED /* gitUITests */,
				184CF0F527FF58AB006045ED /* Products */,
			);
			sourceTree = "<group>";
		};
		184CF0F527FF58AB006045ED /* Products */ = {
			isa = PBXGroup;
			children = (
				184CF0F427FF58AB006045ED /* git.app */,
				184CF10D27FF58AE006045ED /* gitTests.xctest */,
				184CF11727FF58AE006045ED /* gitUITests.xctest */,
			);
			name = Products;
			sourceTree = "<group>";
		};
		184CF0F627FF58AB006045ED /* git */ = {
			isa = PBXGroup;
			children = (
				184CF0F727FF58AB006045ED /* AppDelegate.swift */,
				184CF0F927FF58AB006045ED /* SceneDelegate.swift */,
				184CF0FB27FF58AB006045ED /* ViewController.swift */,
				184CF0FD27FF58AB006045ED /* Main.storyboard */,
				184CF10327FF58AE006045ED /* Assets.xcassets */,
				184CF10527FF58AE006045ED /* LaunchScreen.storyboard */,
				184CF10827FF58AE006045ED /* Info.plist */,
				184CF10027FF58AB006045ED /* git.xcdatamodeld */,
			);
			path = git;
			sourceTree = "<group>";
		};
		184CF11027FF58AE006045ED /* gitTests */ = {
			isa = PBXGroup;
			children = (
				184CF11127FF58AE006045ED /* gitTests.swift */,
			);
			path = gitTests;
			sourceTree = "<group>";
		};
		184CF11A27FF58AE006045ED /* gitUITests */ = {
			isa = PBXGroup;
			children = (
				184CF11B27FF58AE006045ED /* gitUITests.swift */,
				184CF11D27FF58AE006045ED /* gitUITestsLaunchTests.swift */,
			);
			path = gitUITests;
			sourceTree = "<group>";
		};
/* End PBXGroup section */

/* Begin PBXNativeTarget section */
		184CF0F327FF58AB006045ED /* git */ = {
			isa = PBXNativeTarget;
			buildConfigurationList = 184CF12127FF58AE006045ED /* Build configuration list for PBXNativeTarget "git" */;
			buildPhases = (
				184CF0F027FF58AB006045ED /* Sources */,
				184CF0F127FF58AB006045ED /* Frameworks */,
				184CF0F227FF58AB006045ED /* Resources */,
			);
			buildRules = (
			);
			dependencies = (
			);
			name = git;
			productName = git;
			productReference = 184CF0F427FF58AB006045ED /* git.app */;
			productType = "com.apple.product-type.application";
		};
		184CF10C27FF58AE006045ED /* gitTests */ = {
			isa = PBXNativeTarget;
			buildConfigurationList = 184CF12427FF58AE006045ED /* Build configuration list for PBXNativeTarget "gitTests" */;
			buildPhases = (
				184CF10927FF58AE006045ED /* Sources */,
				184CF10A27FF58AE006045ED /* Frameworks */,
				184CF10B27FF58AE006045ED /* Resources */,
			);
			buildRules = (
			);
			dependencies = (
				184CF10F27FF58AE006045ED /* PBXTargetDependency */,
			);
			name = gitTests;
			productName = gitTests;
			productReference = 184CF10D27FF58AE006045ED /* gitTests.xctest */;
			productType = "com.apple.product-type.bundle.unit-test";
		};
		184CF11627FF58AE006045ED /* gitUITests */ = {
			isa = PBXNativeTarget;
			buildConfigurationList = 184CF12727FF58AE006045ED /* Build configuration list for PBXNativeTarget "gitUITests" */;
			buildPhases = (
				184CF11327FF58AE006045ED /* Sources */,
				184CF11427FF58AE006045ED /* Frameworks */,
				184CF11527FF58AE006045ED /* Resources */,
			);
			buildRules = (
			);
			dependencies = (
				184CF11927FF58AE006045ED /* PBXTargetDependency */,
			);
			name = gitUITests;
			productName = gitUITests;
			productReference = 184CF11727FF58AE006045ED /* gitUITests.xctest */;
			productType = "com.apple.product-type.bundle.ui-testing";
		};
/* End PBXNativeTarget section */

/* Begin PBXProject section */
		184CF0EC27FF58AA006045ED /* Project object */ = {
			isa = PBXProject;
			attributes = {
				BuildIndependentTargetsInParallel = 1;
				LastSwiftUpdateCheck = 1330;
				LastUpgradeCheck = 1330;
				TargetAttributes = {
					184CF0F327FF58AB006045ED = {
						CreatedOnToolsVersion = 13.3;
					};
					184CF10C27FF58AE006045ED = {
						CreatedOnToolsVersion = 13.3;
						TestTargetID = 184CF0F327FF58AB006045ED;
					};
					184CF11627FF58AE006045ED = {
						CreatedOnToolsVersion = 13.3;
						TestTargetID = 184CF0F327FF58AB006045ED;
					};
				};
			};
			buildConfigurationList = 184CF0EF27FF58AA006045ED /* Build configuration list for PBXProject "git" */;
			compatibilityVersion = "Xcode 13.0";
			developmentRegion = en;
			hasScannedForEncodings = 0;
			knownRegions = (
				en,
				Base,
			);
			mainGroup = 184CF0EB27FF58AA006045ED;
			productRefGroup = 184CF0F527FF58AB006045ED /* Products */;
			projectDirPath = "";
			projectRoot = "";
			targets = (
				184CF0F327FF58AB006045ED /* git */,
				184CF10C27FF58AE006045ED /* gitTests */,
				184CF11627FF58AE006045ED /* gitUITests */,
			);
		};
/* End PBXProject section */

/* Begin PBXResourcesBuildPhase section */
		184CF0F227FF58AB006045ED /* Resources */ = {
			isa = PBXResourcesBuildPhase;
			buildActionMask = 2147483647;
			files = (
				184CF10727FF58AE006045ED /* LaunchScreen.storyboard in Resources */,
				184CF10427FF58AE006045ED /* Assets.xcassets in Resources */,
				184CF0FF27FF58AB006045ED /* Main.storyboard in Resources */,
			);
			runOnlyForDeploymentPostprocessing = 0;
		};
		184CF10B27FF58AE006045ED /* Resources */ = {
			isa = PBXResourcesBuildPhase;
			buildActionMask = 2147483647;
			files = (
			);
			runOnlyForDeploymentPostprocessing = 0;
		};
		184CF11527FF58AE006045ED /* Resources */ = {
			isa = PBXResourcesBuildPhase;
			buildActionMask = 2147483647;
			files = (
			);
			runOnlyForDeploymentPostprocessing = 0;
		};
/* End PBXResourcesBuildPhase section */

/* Begin PBXSourcesBuildPhase section */
		184CF0F027FF58AB006045ED /* Sources */ = {
			isa = PBXSourcesBuildPhase;
			buildActionMask = 2147483647;
			files = (
				184CF10227FF58AB006045ED /* git.xcdatamodeld in Sources */,
				184CF0FC27FF58AB006045ED /* ViewController.swift in Sources */,
				184CF0F827FF58AB006045ED /* AppDelegate.swift in Sources */,
				184CF0FA27FF58AB006045ED /* SceneDelegate.swift in Sources */,
			);
			runOnlyForDeploymentPostprocessing = 0;
		};
		184CF10927FF58AE006045ED /* Sources */ = {
			isa = PBXSourcesBuildPhase;
			buildActionMask = 2147483647;
			files = (
				184CF11227FF58AE006045ED /* gitTests.swift in Sources */,
			);
			runOnlyForDeploymentPostprocessing = 0;
		};
		184CF11327FF58AE006045ED /* Sources */ = {
			isa = PBXSourcesBuildPhase;
			buildActionMask = 2147483647;
			files = (
				184CF11C27FF58AE006045ED /* gitUITests.swift in Sources */,
				184CF11E27FF58AE006045ED /* gitUITestsLaunchTests.swift in Sources */,
			);
			runOnlyForDeploymentPostprocessing = 0;
		};
/* End PBXSourcesBuildPhase section */

/* Begin PBXTargetDependency section */
		184CF10F27FF58AE006045ED /* PBXTargetDependency */ = {
			isa = PBXTargetDependency;
			target = 184CF0F327FF58AB006045ED /* git */;
			targetProxy = 184CF10E27FF58AE006045ED /* PBXContainerItemProxy */;
		};
		184CF11927FF58AE006045ED /* PBXTargetDependency */ = {
			isa = PBXTargetDependency;
			target = 184CF0F327FF58AB006045ED /* git */;
			targetProxy = 184CF11827FF58AE006045ED /* PBXContainerItemProxy */;
		};
/* End PBXTargetDependency section */

/* Begin PBXVariantGroup section */
		184CF0FD27FF58AB006045ED /* Main.storyboard */ = {
			isa = PBXVariantGroup;
			children = (
				184CF0FE27FF58AB006045ED /* Base */,
			);
			name = Main.storyboard;
			sourceTree = "<group>";
		};
		184CF10527FF58AE006045ED /* LaunchScreen.storyboard */ = {
			isa = PBXVariantGroup;
			children = (
				184CF10627FF58AE006045ED /* Base */,
			);
			name = LaunchScreen.storyboard;
			sourceTree = "<group>";
		};
/* End PBXVariantGroup section */

/* Begin XCBuildConfiguration section */
		184CF11F27FF58AE006045ED /* Debug */ = {
			isa = XCBuildConfiguration;
			buildSettings = {
				ALWAYS_SEARCH_USER_PATHS = NO;
				CLANG_ANALYZER_NONNULL = YES;
				CLANG_ANALYZER_NUMBER_OBJECT_CONVERSION = YES_AGGRESSIVE;
				CLANG_CXX_LANGUAGE_STANDARD = "gnu++17";
				CLANG_ENABLE_MODULES = YES;
				CLANG_ENABLE_OBJC_ARC = YES;
				CLANG_ENABLE_OBJC_WEAK = YES;
				CLANG_WARN_BLOCK_CAPTURE_AUTORELEASING = YES;
				CLANG_WARN_BOOL_CONVERSION = YES;
				CLANG_WARN_COMMA = YES;
				CLANG_WARN_CONSTANT_CONVERSION = YES;
				CLANG_WARN_DEPRECATED_OBJC_IMPLEMENTATIONS = YES;
				CLANG_WARN_DIRECT_OBJC_ISA_USAGE = YES_ERROR;
				CLANG_WARN_DOCUMENTATION_COMMENTS = YES;
				CLANG_WARN_EMPTY_BODY = YES;
				CLANG_WARN_ENUM_CONVERSION = YES;
				CLANG_WARN_INFINITE_RECURSION = YES;
				CLANG_WARN_INT_CONVERSION = YES;
				CLANG_WARN_NON_LITERAL_NULL_CONVERSION = YES;
				CLANG_WARN_OBJC_IMPLICIT_RETAIN_SELF = YES;
				CLANG_WARN_OBJC_LITERAL_CONVERSION = YES;
				CLANG_WARN_OBJC_ROOT_CLASS = YES_ERROR;
				CLANG_WARN_QUOTED_INCLUDE_IN_FRAMEWORK_HEADER = YES;
				CLANG_WARN_RANGE_LOOP_ANALYSIS = YES;
				CLANG_WARN_STRICT_PROTOTYPES = YES;
				CLANG_WARN_SUSPICIOUS_MOVE = YES;
				CLANG_WARN_UNGUARDED_AVAILABILITY = YES_AGGRESSIVE;
				CLANG_WARN_UNREACHABLE_CODE = YES;
				CLANG_WARN__DUPLICATE_METHOD_MATCH = YES;
				COPY_PHASE_STRIP = NO;
				DEBUG_INFORMATION_FORMAT = dwarf;
				ENABLE_STRICT_OBJC_MSGSEND = YES;
				ENABLE_TESTABILITY = YES;
				GCC_C_LANGUAGE_STANDARD = gnu11;
				GCC_DYNAMIC_NO_PIC = NO;
				GCC_NO_COMMON_BLOCKS = YES;
				GCC_OPTIMIZATION_LEVEL = 0;
				GCC_PREPROCESSOR_DEFINITIONS = (
					"DEBUG=1",
					"$(inherited)",
				);
				GCC_WARN_64_TO_32_BIT_CONVERSION = YES;
				GCC_WARN_ABOUT_RETURN_TYPE = YES_ERROR;
				GCC_WARN_UNDECLARED_SELECTOR = YES;
				GCC_WARN_UNINITIALIZED_AUTOS = YES_AGGRESSIVE;
				GCC_WARN_UNUSED_FUNCTION = YES;
				GCC_WARN_UNUSED_VARIABLE = YES;
				IPHONEOS_DEPLOYMENT_TARGET = 15.4;
				MTL_ENABLE_DEBUG_INFO = INCLUDE_SOURCE;
				MTL_FAST_MATH = YES;
				ONLY_ACTIVE_ARCH = YES;
				SDKROOT = iphoneos;
				SWIFT_ACTIVE_COMPILATION_CONDITIONS = DEBUG;
				SWIFT_OPTIMIZATION_LEVEL = "-Onone";
			};
			name = Debug;
		};
		184CF12027FF58AE006045ED /* Release */ = {
			isa = XCBuildConfiguration;
			buildSettings = {
				ALWAYS_SEARCH_USER_PATHS = NO;
				CLANG_ANALYZER_NONNULL = YES;
				CLANG_ANALYZER_NUMBER_OBJECT_CONVERSION = YES_AGGRESSIVE;
				CLANG_CXX_LANGUAGE_STANDARD = "gnu++17";
				CLANG_ENABLE_MODULES = YES;
				CLANG_ENABLE_OBJC_ARC = YES;
				CLANG_ENABLE_OBJC_WEAK = YES;
				CLANG_WARN_BLOCK_CAPTURE_AUTORELEASING = YES;
				CLANG_WARN_BOOL_CONVERSION = YES;
				CLANG_WARN_COMMA = YES;
				CLANG_WARN_CONSTANT_CONVERSION = YES;
				CLANG_WARN_DEPRECATED_OBJC_IMPLEMENTATIONS = YES;
				CLANG_WARN_DIRECT_OBJC_ISA_USAGE = YES_ERROR;
				CLANG_WARN_DOCUMENTATION_COMMENTS = YES;
				CLANG_WARN_EMPTY_BODY = YES;
				CLANG_WARN_ENUM_CONVERSION = YES;
				CLANG_WARN_INFINITE_RECURSION = YES;
				CLANG_WARN_INT_CONVERSION = YES;
				CLANG_WARN_NON_LITERAL_NULL_CONVERSION = YES;
				CLANG_WARN_OBJC_IMPLICIT_RETAIN_SELF = YES;
				CLANG_WARN_OBJC_LITERAL_CONVERSION = YES;
				CLANG_WARN_OBJC_ROOT_CLASS = YES_ERROR;
				CLANG_WARN_QUOTED_INCLUDE_IN_FRAMEWORK_HEADER = YES;
				CLANG_WARN_RANGE_LOOP_ANALYSIS = YES;
				CLANG_WARN_STRICT_PROTOTYPES = YES;
				CLANG_WARN_SUSPICIOUS_MOVE = YES;
				CLANG_WARN_UNGUARDED_AVAILABILITY = YES_AGGRESSIVE;
				CLANG_WARN_UNREACHABLE_CODE = YES;
				CLANG_WARN__DUPLICATE_METHOD_MATCH = YES;
				COPY_PHASE_STRIP = NO;
				DEBUG_INFORMATION_FORMAT = "dwarf-with-dsym";
				ENABLE_NS_ASSERTIONS = NO;
				ENABLE_STRICT_OBJC_MSGSEND = YES;
				GCC_C_LANGUAGE_STANDARD = gnu11;
				GCC_NO_COMMON_BLOCKS = YES;
				GCC_WARN_64_TO_32_BIT_CONVERSION = YES;
				GCC_WARN_ABOUT_RETURN_TYPE = YES_ERROR;
				GCC_WARN_UNDECLARED_SELECTOR = YES;
				GCC_WARN_UNINITIALIZED_AUTOS = YES_AGGRESSIVE;
				GCC_WARN_UNUSED_FUNCTION = YES;
				GCC_WARN_UNUSED_VARIABLE = YES;
				IPHONEOS_DEPLOYMENT_TARGET = 15.4;
				MTL_ENABLE_DEBUG_INFO = NO;
				MTL_FAST_MATH = YES;
				SDKROOT = iphoneos;
				SWIFT_COMPILATION_MODE = wholemodule;
				SWIFT_OPTIMIZATION_LEVEL = "-O";
				VALIDATE_PRODUCT = YES;
			};
			name = Release;
		};
		184CF12227FF58AE006045ED /* Debug */ = {
			isa = XCBuildConfiguration;
			buildSettings = {
				ASSETCATALOG_COMPILER_APPICON_NAME = AppIcon;
				ASSETCATALOG_COMPILER_GLOBAL_ACCENT_COLOR_NAME = AccentColor;
				CODE_SIGN_STYLE = Automatic;
				CURRENT_PROJECT_VERSION = 1;
				GENERATE_INFOPLIST_FILE = YES;
				INFOPLIST_FILE = git/Info.plist;
				INFOPLIST_KEY_UIApplicationSupportsIndirectInputEvents = YES;
				INFOPLIST_KEY_UILaunchStoryboardName = LaunchScreen;
				INFOPLIST_KEY_UIMainStoryboardFile = Main;
				INFOPLIST_KEY_UISupportedInterfaceOrientations_iPad = "UIInterfaceOrientationPortrait UIInterfaceOrientationPortraitUpsideDown UIInterfaceOrientationLandscapeLeft UIInterfaceOrientationLandscapeRight";
				INFOPLIST_KEY_UISupportedInterfaceOrientations_iPhone = "UIInterfaceOrientationPortrait UIInterfaceOrientationLandscapeLeft UIInterfaceOrientationLandscapeRight";
				LD_RUNPATH_SEARCH_PATHS = (
					"$(inherited)",
					"@executable_path/Frameworks",
				);
				MARKETING_VERSION = 1.0;
				PRODUCT_BUNDLE_IDENTIFIER = com.drudotstech.git;
				PRODUCT_NAME = "$(TARGET_NAME)";
				SWIFT_EMIT_LOC_STRINGS = YES;
				SWIFT_VERSION = 5.0;
				TARGETED_DEVICE_FAMILY = "1,2";
			};
			name = Debug;
		};
		184CF12327FF58AE006045ED /* Release */ = {
			isa = XCBuildConfiguration;
			buildSettings = {
				ASSETCATALOG_COMPILER_APPICON_NAME = AppIcon;
				ASSETCATALOG_COMPILER_GLOBAL_ACCENT_COLOR_NAME = AccentColor;
				CODE_SIGN_STYLE = Automatic;
				CURRENT_PROJECT_VERSION = 1;
				GENERATE_INFOPLIST_FILE = YES;
				INFOPLIST_FILE = git/Info.plist;
				INFOPLIST_KEY_UIApplicationSupportsIndirectInputEvents = YES;
				INFOPLIST_KEY_UILaunchStoryboardName = LaunchScreen;
				INFOPLIST_KEY_UIMainStoryboardFile = Main;
				INFOPLIST_KEY_UISupportedInterfaceOrientations_iPad = "UIInterfaceOrientationPortrait UIInterfaceOrientationPortraitUpsideDown UIInterfaceOrientationLandscapeLeft UIInterfaceOrientationLandscapeRight";
				INFOPLIST_KEY_UISupportedInterfaceOrientations_iPhone = "UIInterfaceOrientationPortrait UIInterfaceOrientationLandscapeLeft UIInterfaceOrientationLandscapeRight";
				LD_RUNPATH_SEARCH_PATHS = (
					"$(inherited)",
					"@executable_path/Frameworks",
				);
				MARKETING_VERSION = 1.0;
				PRODUCT_BUNDLE_IDENTIFIER = com.drudotstech.git;
				PRODUCT_NAME = "$(TARGET_NAME)";
				SWIFT_EMIT_LOC_STRINGS = YES;
				SWIFT_VERSION = 5.0;
				TARGETED_DEVICE_FAMILY = "1,2";
			};
			name = Release;
		};
		184CF12527FF58AE006045ED /* Debug */ = {
			isa = XCBuildConfiguration;
			buildSettings = {
				ALWAYS_EMBED_SWIFT_STANDARD_LIBRARIES = YES;
				BUNDLE_LOADER = "$(TEST_HOST)";
				CODE_SIGN_STYLE = Automatic;
				CURRENT_PROJECT_VERSION = 1;
				GENERATE_INFOPLIST_FILE = YES;
				IPHONEOS_DEPLOYMENT_TARGET = 15.4;
				MARKETING_VERSION = 1.0;
				PRODUCT_BUNDLE_IDENTIFIER = com.drudotstech.gitTests;
				PRODUCT_NAME = "$(TARGET_NAME)";
				SWIFT_EMIT_LOC_STRINGS = NO;
				SWIFT_VERSION = 5.0;
				TARGETED_DEVICE_FAMILY = "1,2";
				TEST_HOST = "$(BUILT_PRODUCTS_DIR)/git.app/git";
			};
			name = Debug;
		};
		184CF12627FF58AE006045ED /* Release */ = {
			isa = XCBuildConfiguration;
			buildSettings = {
				ALWAYS_EMBED_SWIFT_STANDARD_LIBRARIES = YES;
				BUNDLE_LOADER = "$(TEST_HOST)";
				CODE_SIGN_STYLE = Automatic;
				CURRENT_PROJECT_VERSION = 1;
				GENERATE_INFOPLIST_FILE = YES;
				IPHONEOS_DEPLOYMENT_TARGET = 15.4;
				MARKETING_VERSION = 1.0;
				PRODUCT_BUNDLE_IDENTIFIER = com.drudotstech.gitTests;
				PRODUCT_NAME = "$(TARGET_NAME)";
				SWIFT_EMIT_LOC_STRINGS = NO;
				SWIFT_VERSION = 5.0;
				TARGETED_DEVICE_FAMILY = "1,2";
				TEST_HOST = "$(BUILT_PRODUCTS_DIR)/git.app/git";
			};
			name = Release;
		};
		184CF12827FF58AE006045ED /* Debug */ = {
			isa = XCBuildConfiguration;
			buildSettings = {
				ALWAYS_EMBED_SWIFT_STANDARD_LIBRARIES = YES;
				CODE_SIGN_STYLE = Automatic;
				CURRENT_PROJECT_VERSION = 1;
				GENERATE_INFOPLIST_FILE = YES;
				MARKETING_VERSION = 1.0;
				PRODUCT_BUNDLE_IDENTIFIER = com.drudotstech.gitUITests;
				PRODUCT_NAME = "$(TARGET_NAME)";
				SWIFT_EMIT_LOC_STRINGS = NO;
				SWIFT_VERSION = 5.0;
				TARGETED_DEVICE_FAMILY = "1,2";
				TEST_TARGET_NAME = git;
			};
			name = Debug;
		};
		184CF12927FF58AE006045ED /* Release */ = {
			isa = XCBuildConfiguration;
			buildSettings = {
				ALWAYS_EMBED_SWIFT_STANDARD_LIBRARIES = YES;
				CODE_SIGN_STYLE = Automatic;
				CURRENT_PROJECT_VERSION = 1;
				GENERATE_INFOPLIST_FILE = YES;
				MARKETING_VERSION = 1.0;
				PRODUCT_BUNDLE_IDENTIFIER = com.drudotstech.gitUITests;
				PRODUCT_NAME = "$(TARGET_NAME)";
				SWIFT_EMIT_LOC_STRINGS = NO;
				SWIFT_VERSION = 5.0;
				TARGETED_DEVICE_FAMILY = "1,2";
				TEST_TARGET_NAME = git;
			};
			name = Release;
		};
/* End XCBuildConfiguration section */

/* Begin XCConfigurationList section */
		184CF0EF27FF58AA006045ED /* Build configuration list for PBXProject "git" */ = {
			isa = XCConfigurationList;
			buildConfigurations = (
				184CF11F27FF58AE006045ED /* Debug */,
				184CF12027FF58AE006045ED /* Release */,
			);
			defaultConfigurationIsVisible = 0;
			defaultConfigurationName = Release;
		};
		184CF12127FF58AE006045ED /* Build configuration list for PBXNativeTarget "git" */ = {
			isa = XCConfigurationList;
			buildConfigurations = (
				184CF12227FF58AE006045ED /* Debug */,
				184CF12327FF58AE006045ED /* Release */,
			);
			defaultConfigurationIsVisible = 0;
			defaultConfigurationName = Release;
		};
		184CF12427FF58AE006045ED /* Build configuration list for PBXNativeTarget "gitTests" */ = {
			isa = XCConfigurationList;
			buildConfigurations = (
				184CF12527FF58AE006045ED /* Debug */,
				184CF12627FF58AE006045ED /* Release */,
			);
			defaultConfigurationIsVisible = 0;
			defaultConfigurationName = Release;
		};
		184CF12727FF58AE006045ED /* Build configuration list for PBXNativeTarget "gitUITests" */ = {
			isa = XCConfigurationList;
			buildConfigurations = (
				184CF12827FF58AE006045ED /* Debug */,
				184CF12927FF58AE006045ED /* Release */,
			);
			defaultConfigurationIsVisible = 0;
			defaultConfigurationName = Release;
		};
/* End XCConfigurationList section */

/* Begin XCVersionGroup section */
		184CF10027FF58AB006045ED /* git.xcdatamodeld */ = {
			isa = XCVersionGroup;
			children = (
				184CF10127FF58AB006045ED /* git.xcdatamodel */,
			);
			currentVersion = 184CF10127FF58AB006045ED /* git.xcdatamodel */;
			path = git.xcdatamodeld;
			sourceTree = "<group>";
			versionGroupType = wrapper.xcdatamodel;
		};
/* End XCVersionGroup section */
	};
	rootObject = 184CF0EC27FF58AA006045ED /* Project object */;
}
